{
  "nodes": {
    "nixpkgs": {
      "locked": {
        "lastModified": 1682879489,
        "narHash": "sha256-sASwo8gBt7JDnOOstnps90K1wxmVfyhsTPPNTGBPjjg=",
        "owner": "NixOS",
        "repo": "nixpkgs",
        "rev": "da45bf6ec7bbcc5d1e14d3795c025199f28e0de0",
        "type": "github"
      },
      "original": {
        "id": "nixpkgs",
        "ref": "nixos-unstable",
        "type": "indirect"
      }
    },
    "packwiz2nix": {
      "inputs": {
        "nixpkgs": [
          "nixpkgs"
        ]
      },
      "locked": {
        "lastModified": 1695101166,
        "narHash": "sha256-Cd8WD1PPVMo5i+Jwa/UIJ1oGn5fUkBhaw882IjspaEU=",
        "path": "/home/seth/repos/packwiz2nix",
        "type": "path"
      },
      "original": {
        "path": "/home/seth/repos/packwiz2nix",
        "type": "path"
      }
    },
    "root": {
      "inputs": {
        "nixpkgs": "nixpkgs",
        "packwiz2nix": "packwiz2nix"
      }
    }
  },
  "root": "root",
  "version": 7
}
