{
  "nodes": {
    "nixpkgs": {
      "locked": {
        "lastModified": 1682879489,
        "narHash": "sha256-sASwo8gBt7JDnOOstnps90K1wxmVfyhsTPPNTGBPjjg=",
        "owner": "NixOS",
        "repo": "nixpkgs",
        "rev": "da45bf6ec7bbcc5d1e14d3795c025199f28e0de0",
        "type": "github"
      },
      "original": {
        "id": "nixpkgs",
        "ref": "nixos-unstable",
        "type": "indirect"
      }
    },
    "packwiz2nix": {
      "locked": {
        "lastModified": 1683887515,
        "narHash": "sha256-eYxlzal5DNUvpv3F9W42wREdRi6h1hceOcgoiN6gvRg=",
        "owner": "getchoo",
        "repo": "packwiz2nix",
        "rev": "1c9c0ef2e40fbd1a921b446d8fe5884e645e4308",
        "type": "github"
      },
      "original": {
        "owner": "getchoo",
        "repo": "packwiz2nix",
        "type": "github"
      }
    },
    "root": {
      "inputs": {
        "nixpkgs": "nixpkgs",
        "packwiz2nix": "packwiz2nix"
      }
    }
  },
  "root": "root",
  "version": 7
}
